Microsoft Visual Studio Solution File, Format Version 12.00
# Visual Studio 2012
Project("{FAE04EC0-301F-11D3-BF4B-00C04F79EFBC}") = "super mech", "super mech.csproj", "{B3B3A53B-20A3-4267-A416-484E16AB68AA}"
EndProject
Global
	GlobalSection(SolutionConfigurationPlatforms) = preSolution
	Debug|Any CPU = Debug|Any CPU
	ExportDebug|Any CPU = ExportDebug|Any CPU
	ExportRelease|Any CPU = ExportRelease|Any CPU
	EndGlobalSection
	GlobalSection(ProjectConfigurationPlatforms) = postSolution
		{B3B3A53B-20A3-4267-A416-484E16AB68AA}.Debug|Any CPU.ActiveCfg = Debug|Any CPU
		{B3B3A53B-20A3-4267-A416-484E16AB68AA}.Debug|Any CPU.Build.0 = Debug|Any CPU
		{B3B3A53B-20A3-4267-A416-484E16AB68AA}.ExportDebug|Any CPU.ActiveCfg = ExportDebug|Any CPU
		{B3B3A53B-20A3-4267-A416-484E16AB68AA}.ExportDebug|Any CPU.Build.0 = ExportDebug|Any CPU
		{B3B3A53B-20A3-4267-A416-484E16AB68AA}.ExportRelease|Any CPU.ActiveCfg = ExportRelease|Any CPU
		{B3B3A53B-20A3-4267-A416-484E16AB68AA}.ExportRelease|Any CPU.Build.0 = ExportRelease|Any CPU
	EndGlobalSection
EndGlobal
